{
  "requires": true,
  "lockfileVersion": 1,
  "dependencies": {
    "gerador-validador-cpf": {
      "version": "3.1.3",
      "resolved": "https://registry.npmjs.org/gerador-validador-cpf/-/gerador-validador-cpf-3.1.3.tgz",
      "integrity": "sha512-svjPnKcWPlTZQW+5+/Ifa8Wni9oTix8zkfqkSsr/eGRCMmgMFBxavqMkXbquPImNwDatiCENX8P76H4dg9k+Ig=="
    }
  }
}
